<?xml version="1.0" encoding="utf-8"?>
<Project ToolsVersion="4.0" xmlns="http://schemas.microsoft.com/developer/msbuild/2003">
  <ItemGroup>
    <ClInclude Include="stdafx.h" />
    <ClInclude Include="targetver.h" />
    <ClInclude Include="..\CumBuffer.h">
      <Filter>source</Filter>
    </ClInclude>
  </ItemGroup>
  <ItemGroup>
    <ClCompile Include="stdafx.cpp" />
    <ClCompile Include="unittest1.cpp" />
  </ItemGroup>
  <ItemGroup>
    <Filter Include="source">
      <UniqueIdentifier>{7c52ca1e-a1c1-43c4-8ff2-584c3553f223}</UniqueIdentifier>
    </Filter>
  </ItemGroup>
</Project>